
Microsoft Visual Studio Solution File, Format Version 12.00
# Visual Studio Version 17
VisualStudioVersion = 17.5.33516.290
MinimumVisualStudioVersion = 10.0.40219.1
Project("{FAE04EC0-301F-11D3-BF4B-00C04F79EFBC}") = "ManzanaYSerpiente", "ManzanaYSerpiente.csproj", "{AF01D361-7A80-47F2-AC43-7C7017BF2657}"
EndProject
Global
	GlobalSection(SolutionConfigurationPlatforms) = preSolution
		Debug|Any CPU = Debug|Any CPU
		Release|Any CPU = Release|Any CPU
	EndGlobalSection
	GlobalSection(ProjectConfigurationPlatforms) = postSolution
		{AF01D361-7A80-47F2-AC43-7C7017BF2657}.Debug|Any CPU.ActiveCfg = Debug|Any CPU
		{AF01D361-7A80-47F2-AC43-7C7017BF2657}.Debug|Any CPU.Build.0 = Debug|Any CPU
		{AF01D361-7A80-47F2-AC43-7C7017BF2657}.Release|Any CPU.ActiveCfg = Release|Any CPU
		{AF01D361-7A80-47F2-AC43-7C7017BF2657}.Release|Any CPU.Build.0 = Release|Any CPU
	EndGlobalSection
	GlobalSection(SolutionProperties) = preSolution
		HideSolutionNode = FALSE
	EndGlobalSection
	GlobalSection(ExtensibilityGlobals) = postSolution
		SolutionGuid = {4A79DAB5-E08A-42E0-95D0-CC642905F633}
	EndGlobalSection
EndGlobal
